// !$*UTF8*$!
{
	archiveVersion = 1;
	classes = {
	};
	objectVersion = 46;
	objects = {

/* Begin PBXBuildFile section */
		FA00BE0F1D68470F004A38FE /* BlockPredicate.swift in Sources */ = {isa = PBXBuildFile; fileRef = FA00BE0E1D68470F004A38FE /* BlockPredicate.swift */; };
		FA00BE111D6847F5004A38FE /* BlockPredicateTests.swift in Sources */ = {isa = PBXBuildFile; fileRef = FA00BE101D6847F5004A38FE /* BlockPredicateTests.swift */; };
		FA0B3A5B1D6CD31B00E8F2AD /* BlockPredicate.swift in Sources */ = {isa = PBXBuildFile; fileRef = FA00BE0E1D68470F004A38FE /* BlockPredicate.swift */; };
		FA0B3A5C1D6CD31C00E8F2AD /* BlockPredicate.swift in Sources */ = {isa = PBXBuildFile; fileRef = FA00BE0E1D68470F004A38FE /* BlockPredicate.swift */; };
		FA0B3A5D1D6CD31E00E8F2AD /* BlockPredicate.swift in Sources */ = {isa = PBXBuildFile; fileRef = FA00BE0E1D68470F004A38FE /* BlockPredicate.swift */; };
		FA0B3A5E1D6CD32B00E8F2AD /* BlockPredicateTests.swift in Sources */ = {isa = PBXBuildFile; fileRef = FA00BE101D6847F5004A38FE /* BlockPredicateTests.swift */; };
		FA0B3A5F1D6CD32C00E8F2AD /* BlockPredicateTests.swift in Sources */ = {isa = PBXBuildFile; fileRef = FA00BE101D6847F5004A38FE /* BlockPredicateTests.swift */; };
		FA17B2DB1D8D43E500534634 /* EvaluationResultTests.swift in Sources */ = {isa = PBXBuildFile; fileRef = FA17B2DA1D8D43E500534634 /* EvaluationResultTests.swift */; };
		FA17B2DC1D8D43E500534634 /* EvaluationResultTests.swift in Sources */ = {isa = PBXBuildFile; fileRef = FA17B2DA1D8D43E500534634 /* EvaluationResultTests.swift */; };
		FA17B2DD1D8D43E500534634 /* EvaluationResultTests.swift in Sources */ = {isa = PBXBuildFile; fileRef = FA17B2DA1D8D43E500534634 /* EvaluationResultTests.swift */; };
		FA17B2DF1D8D460D00534634 /* ConstraintSetTests.swift in Sources */ = {isa = PBXBuildFile; fileRef = FA17B2DE1D8D460D00534634 /* ConstraintSetTests.swift */; };
		FA17B2E01D8D460D00534634 /* ConstraintSetTests.swift in Sources */ = {isa = PBXBuildFile; fileRef = FA17B2DE1D8D460D00534634 /* ConstraintSetTests.swift */; };
		FA17B2E11D8D460D00534634 /* ConstraintSetTests.swift in Sources */ = {isa = PBXBuildFile; fileRef = FA17B2DE1D8D460D00534634 /* ConstraintSetTests.swift */; };
		FA6141391D61F36D00EECCC6 /* ConstraintSet.swift in Sources */ = {isa = PBXBuildFile; fileRef = FA6141381D61F36D00EECCC6 /* ConstraintSet.swift */; };
		FA61413A1D61F36D00EECCC6 /* ConstraintSet.swift in Sources */ = {isa = PBXBuildFile; fileRef = FA6141381D61F36D00EECCC6 /* ConstraintSet.swift */; };
		FA61413B1D61F36D00EECCC6 /* ConstraintSet.swift in Sources */ = {isa = PBXBuildFile; fileRef = FA6141381D61F36D00EECCC6 /* ConstraintSet.swift */; };
		FA61413C1D61F36D00EECCC6 /* ConstraintSet.swift in Sources */ = {isa = PBXBuildFile; fileRef = FA6141381D61F36D00EECCC6 /* ConstraintSet.swift */; };
		FA655E901F48CFFB00563400 /* AsyncConstraintSetTests.swift in Sources */ = {isa = PBXBuildFile; fileRef = FA655E8F1F48CFFB00563400 /* AsyncConstraintSetTests.swift */; };
		FA655E911F48CFFB00563400 /* AsyncConstraintSetTests.swift in Sources */ = {isa = PBXBuildFile; fileRef = FA655E8F1F48CFFB00563400 /* AsyncConstraintSetTests.swift */; };
		FA655E921F48CFFB00563400 /* AsyncConstraintSetTests.swift in Sources */ = {isa = PBXBuildFile; fileRef = FA655E8F1F48CFFB00563400 /* AsyncConstraintSetTests.swift */; };
		FA655E941F48D06700563400 /* AsyncConstraintSet.swift in Sources */ = {isa = PBXBuildFile; fileRef = FA655E931F48D06700563400 /* AsyncConstraintSet.swift */; };
		FA655E951F48D06700563400 /* AsyncConstraintSet.swift in Sources */ = {isa = PBXBuildFile; fileRef = FA655E931F48D06700563400 /* AsyncConstraintSet.swift */; };
		FA655E961F48D06700563400 /* AsyncConstraintSet.swift in Sources */ = {isa = PBXBuildFile; fileRef = FA655E931F48D06700563400 /* AsyncConstraintSet.swift */; };
		FA655E971F48D06700563400 /* AsyncConstraintSet.swift in Sources */ = {isa = PBXBuildFile; fileRef = FA655E931F48D06700563400 /* AsyncConstraintSet.swift */; };
		FA655E9A1F49B53500563400 /* AsyncOperation.swift in Sources */ = {isa = PBXBuildFile; fileRef = FA655E991F49B53500563400 /* AsyncOperation.swift */; };
		FA655E9B1F49B53500563400 /* AsyncOperation.swift in Sources */ = {isa = PBXBuildFile; fileRef = FA655E991F49B53500563400 /* AsyncOperation.swift */; };
		FA655E9C1F49B53500563400 /* AsyncOperation.swift in Sources */ = {isa = PBXBuildFile; fileRef = FA655E991F49B53500563400 /* AsyncOperation.swift */; };
		FA655E9D1F49B53500563400 /* AsyncOperation.swift in Sources */ = {isa = PBXBuildFile; fileRef = FA655E991F49B53500563400 /* AsyncOperation.swift */; };
		FA6E6F9E1F5C012100E9568E /* FakeableError.swift in Sources */ = {isa = PBXBuildFile; fileRef = FA6E6F9D1F5C012100E9568E /* FakeableError.swift */; };
		FA6E6F9F1F5C012100E9568E /* FakeableError.swift in Sources */ = {isa = PBXBuildFile; fileRef = FA6E6F9D1F5C012100E9568E /* FakeableError.swift */; };
		FA6E6FA01F5C012100E9568E /* FakeableError.swift in Sources */ = {isa = PBXBuildFile; fileRef = FA6E6F9D1F5C012100E9568E /* FakeableError.swift */; };
		FAA87CCD1D5CB80900792F43 /* ValidationToolkit.framework in Frameworks */ = {isa = PBXBuildFile; fileRef = FAA87CC41D5CB80900792F43 /* ValidationToolkit.framework */; };
		FAA87CE91D5CB82000792F43 /* ValidationToolkit.framework in Frameworks */ = {isa = PBXBuildFile; fileRef = FAA87CE01D5CB82000792F43 /* ValidationToolkit.framework */; };
		FAA87CF71D5CB93C00792F43 /* Result.swift in Sources */ = {isa = PBXBuildFile; fileRef = FADD5FA61D5A5BDB00ECACA1 /* Result.swift */; };
		FAA87CF81D5CB93C00792F43 /* Constraint.swift in Sources */ = {isa = PBXBuildFile; fileRef = FADD5FA41D5A586B00ECACA1 /* Constraint.swift */; };
		FAA87CF91D5CB93C00792F43 /* Predicate.swift in Sources */ = {isa = PBXBuildFile; fileRef = FAB52B491D54EC4700110049 /* Predicate.swift */; };
		FAA87CFA1D5CB93C00792F43 /* RegexPredicate.swift in Sources */ = {isa = PBXBuildFile; fileRef = FAB52B4B1D552DE800110049 /* RegexPredicate.swift */; };
		FAA87CFC1D5CB93D00792F43 /* Result.swift in Sources */ = {isa = PBXBuildFile; fileRef = FADD5FA61D5A5BDB00ECACA1 /* Result.swift */; };
		FAA87CFD1D5CB93D00792F43 /* Constraint.swift in Sources */ = {isa = PBXBuildFile; fileRef = FADD5FA41D5A586B00ECACA1 /* Constraint.swift */; };
		FAA87CFE1D5CB93D00792F43 /* Predicate.swift in Sources */ = {isa = PBXBuildFile; fileRef = FAB52B491D54EC4700110049 /* Predicate.swift */; };
		FAA87CFF1D5CB93D00792F43 /* RegexPredicate.swift in Sources */ = {isa = PBXBuildFile; fileRef = FAB52B4B1D552DE800110049 /* RegexPredicate.swift */; };
		FAA87D011D5CB93E00792F43 /* Result.swift in Sources */ = {isa = PBXBuildFile; fileRef = FADD5FA61D5A5BDB00ECACA1 /* Result.swift */; };
		FAA87D021D5CB93E00792F43 /* Constraint.swift in Sources */ = {isa = PBXBuildFile; fileRef = FADD5FA41D5A586B00ECACA1 /* Constraint.swift */; };
		FAA87D031D5CB93E00792F43 /* Predicate.swift in Sources */ = {isa = PBXBuildFile; fileRef = FAB52B491D54EC4700110049 /* Predicate.swift */; };
		FAA87D041D5CB93E00792F43 /* RegexPredicate.swift in Sources */ = {isa = PBXBuildFile; fileRef = FAB52B4B1D552DE800110049 /* RegexPredicate.swift */; };
		FAA87D061D5CB97500792F43 /* RegexPredicateTests.swift in Sources */ = {isa = PBXBuildFile; fileRef = FAB52B4D1D552ECE00110049 /* RegexPredicateTests.swift */; };
		FAA87D081D5CB97500792F43 /* ConstraintTests.swift in Sources */ = {isa = PBXBuildFile; fileRef = FAE24F1F1D5A5FF70017902A /* ConstraintTests.swift */; };
		FAA87D091D5CB97600792F43 /* RegexPredicateTests.swift in Sources */ = {isa = PBXBuildFile; fileRef = FAB52B4D1D552ECE00110049 /* RegexPredicateTests.swift */; };
		FAA87D0B1D5CB97600792F43 /* ConstraintTests.swift in Sources */ = {isa = PBXBuildFile; fileRef = FAE24F1F1D5A5FF70017902A /* ConstraintTests.swift */; };
		FAA87D161D5CC00D00792F43 /* ValidationToolkit.h in Headers */ = {isa = PBXBuildFile; fileRef = FAB52B321D54EB8F00110049 /* ValidationToolkit.h */; settings = {ATTRIBUTES = (Public, ); }; };
		FAA87D171D5CC01200792F43 /* ValidationToolkit.h in Headers */ = {isa = PBXBuildFile; fileRef = FAB52B321D54EB8F00110049 /* ValidationToolkit.h */; settings = {ATTRIBUTES = (Public, ); }; };
		FAA87D181D5CC04300792F43 /* ValidationToolkit.h in Headers */ = {isa = PBXBuildFile; fileRef = FAB52B321D54EB8F00110049 /* ValidationToolkit.h */; settings = {ATTRIBUTES = (Public, ); }; };
		FAB52B391D54EB8F00110049 /* ValidationToolkit.framework in Frameworks */ = {isa = PBXBuildFile; fileRef = FAB52B2F1D54EB8F00110049 /* ValidationToolkit.framework */; };
		FAB52B401D54EB8F00110049 /* ValidationToolkit.h in Headers */ = {isa = PBXBuildFile; fileRef = FAB52B321D54EB8F00110049 /* ValidationToolkit.h */; settings = {ATTRIBUTES = (Public, ); }; };
		FAB52B4A1D54EC4700110049 /* Predicate.swift in Sources */ = {isa = PBXBuildFile; fileRef = FAB52B491D54EC4700110049 /* Predicate.swift */; };
		FAB52B4C1D552DE800110049 /* RegexPredicate.swift in Sources */ = {isa = PBXBuildFile; fileRef = FAB52B4B1D552DE800110049 /* RegexPredicate.swift */; };
		FAB52B4E1D552ECE00110049 /* RegexPredicateTests.swift in Sources */ = {isa = PBXBuildFile; fileRef = FAB52B4D1D552ECE00110049 /* RegexPredicateTests.swift */; };
		FADD5FA51D5A586B00ECACA1 /* Constraint.swift in Sources */ = {isa = PBXBuildFile; fileRef = FADD5FA41D5A586B00ECACA1 /* Constraint.swift */; };
		FADD5FA71D5A5BDB00ECACA1 /* Result.swift in Sources */ = {isa = PBXBuildFile; fileRef = FADD5FA61D5A5BDB00ECACA1 /* Result.swift */; };
		FADE989A1F4775FA00C0185E /* EmailPredicate.swift in Sources */ = {isa = PBXBuildFile; fileRef = FADE98971F4775FA00C0185E /* EmailPredicate.swift */; };
		FADE989B1F4775FA00C0185E /* PairMatchingPredicate.swift in Sources */ = {isa = PBXBuildFile; fileRef = FADE98981F4775FA00C0185E /* PairMatchingPredicate.swift */; };
		FADE989C1F4775FA00C0185E /* URLPredicate.swift in Sources */ = {isa = PBXBuildFile; fileRef = FADE98991F4775FA00C0185E /* URLPredicate.swift */; };
		FADE98A31F47769200C0185E /* EmailPredicateTests.swift in Sources */ = {isa = PBXBuildFile; fileRef = FADE989D1F47760B00C0185E /* EmailPredicateTests.swift */; };
		FADE98A41F47769200C0185E /* PairMatchingPredicateTests.swift in Sources */ = {isa = PBXBuildFile; fileRef = FADE989E1F47760B00C0185E /* PairMatchingPredicateTests.swift */; };
		FADE98A51F47769200C0185E /* URLPredicateTests.swift in Sources */ = {isa = PBXBuildFile; fileRef = FADE989F1F47760B00C0185E /* URLPredicateTests.swift */; };
		FADE98A61F47769300C0185E /* EmailPredicateTests.swift in Sources */ = {isa = PBXBuildFile; fileRef = FADE989D1F47760B00C0185E /* EmailPredicateTests.swift */; };
		FADE98A71F47769300C0185E /* PairMatchingPredicateTests.swift in Sources */ = {isa = PBXBuildFile; fileRef = FADE989E1F47760B00C0185E /* PairMatchingPredicateTests.swift */; };
		FADE98A81F47769300C0185E /* URLPredicateTests.swift in Sources */ = {isa = PBXBuildFile; fileRef = FADE989F1F47760B00C0185E /* URLPredicateTests.swift */; };
		FADE98A91F47769400C0185E /* EmailPredicateTests.swift in Sources */ = {isa = PBXBuildFile; fileRef = FADE989D1F47760B00C0185E /* EmailPredicateTests.swift */; };
		FADE98AA1F47769400C0185E /* PairMatchingPredicateTests.swift in Sources */ = {isa = PBXBuildFile; fileRef = FADE989E1F47760B00C0185E /* PairMatchingPredicateTests.swift */; };
		FADE98AB1F47769400C0185E /* URLPredicateTests.swift in Sources */ = {isa = PBXBuildFile; fileRef = FADE989F1F47760B00C0185E /* URLPredicateTests.swift */; };
		FADE98AC1F47769900C0185E /* EmailPredicate.swift in Sources */ = {isa = PBXBuildFile; fileRef = FADE98971F4775FA00C0185E /* EmailPredicate.swift */; };
		FADE98AD1F47769900C0185E /* PairMatchingPredicate.swift in Sources */ = {isa = PBXBuildFile; fileRef = FADE98981F4775FA00C0185E /* PairMatchingPredicate.swift */; };
		FADE98AE1F47769900C0185E /* URLPredicate.swift in Sources */ = {isa = PBXBuildFile; fileRef = FADE98991F4775FA00C0185E /* URLPredicate.swift */; };
		FADE98AF1F47769A00C0185E /* EmailPredicate.swift in Sources */ = {isa = PBXBuildFile; fileRef = FADE98971F4775FA00C0185E /* EmailPredicate.swift */; };
		FADE98B01F47769A00C0185E /* PairMatchingPredicate.swift in Sources */ = {isa = PBXBuildFile; fileRef = FADE98981F4775FA00C0185E /* PairMatchingPredicate.swift */; };
		FADE98B11F47769A00C0185E /* URLPredicate.swift in Sources */ = {isa = PBXBuildFile; fileRef = FADE98991F4775FA00C0185E /* URLPredicate.swift */; };
		FADE98B21F47769A00C0185E /* EmailPredicate.swift in Sources */ = {isa = PBXBuildFile; fileRef = FADE98971F4775FA00C0185E /* EmailPredicate.swift */; };
		FADE98B31F47769A00C0185E /* PairMatchingPredicate.swift in Sources */ = {isa = PBXBuildFile; fileRef = FADE98981F4775FA00C0185E /* PairMatchingPredicate.swift */; };
		FADE98B41F47769A00C0185E /* URLPredicate.swift in Sources */ = {isa = PBXBuildFile; fileRef = FADE98991F4775FA00C0185E /* URLPredicate.swift */; };
		FADE98B61F47F6D300C0185E /* AsyncPredicate.swift in Sources */ = {isa = PBXBuildFile; fileRef = FADE98B51F47F6D300C0185E /* AsyncPredicate.swift */; };
		FADE98B71F47F6D300C0185E /* AsyncPredicate.swift in Sources */ = {isa = PBXBuildFile; fileRef = FADE98B51F47F6D300C0185E /* AsyncPredicate.swift */; };
		FADE98B81F47F6D300C0185E /* AsyncPredicate.swift in Sources */ = {isa = PBXBuildFile; fileRef = FADE98B51F47F6D300C0185E /* AsyncPredicate.swift */; };
		FADE98B91F47F6D300C0185E /* AsyncPredicate.swift in Sources */ = {isa = PBXBuildFile; fileRef = FADE98B51F47F6D300C0185E /* AsyncPredicate.swift */; };
		FADE98BB1F47F79E00C0185E /* AsyncPredicateTests.swift in Sources */ = {isa = PBXBuildFile; fileRef = FADE98BA1F47F79E00C0185E /* AsyncPredicateTests.swift */; };
		FADE98BC1F47F79E00C0185E /* AsyncPredicateTests.swift in Sources */ = {isa = PBXBuildFile; fileRef = FADE98BA1F47F79E00C0185E /* AsyncPredicateTests.swift */; };
		FADE98BD1F47F79E00C0185E /* AsyncPredicateTests.swift in Sources */ = {isa = PBXBuildFile; fileRef = FADE98BA1F47F79E00C0185E /* AsyncPredicateTests.swift */; };
		FAE24F201D5A5FF70017902A /* ConstraintTests.swift in Sources */ = {isa = PBXBuildFile; fileRef = FAE24F1F1D5A5FF70017902A /* ConstraintTests.swift */; };
		FAE9105F1F4884910056339C /* AsyncConstraintTests.swift in Sources */ = {isa = PBXBuildFile; fileRef = FAE9105E1F4884910056339C /* AsyncConstraintTests.swift */; };
		FAE910601F4884910056339C /* AsyncConstraintTests.swift in Sources */ = {isa = PBXBuildFile; fileRef = FAE9105E1F4884910056339C /* AsyncConstraintTests.swift */; };
		FAE910611F4884910056339C /* AsyncConstraintTests.swift in Sources */ = {isa = PBXBuildFile; fileRef = FAE9105E1F4884910056339C /* AsyncConstraintTests.swift */; };
		FAE910631F4885190056339C /* AsyncConstraint.swift in Sources */ = {isa = PBXBuildFile; fileRef = FAE910621F4885190056339C /* AsyncConstraint.swift */; };
		FAE910641F4885190056339C /* AsyncConstraint.swift in Sources */ = {isa = PBXBuildFile; fileRef = FAE910621F4885190056339C /* AsyncConstraint.swift */; };
		FAE910651F4885190056339C /* AsyncConstraint.swift in Sources */ = {isa = PBXBuildFile; fileRef = FAE910621F4885190056339C /* AsyncConstraint.swift */; };
		FAE910661F4885190056339C /* AsyncConstraint.swift in Sources */ = {isa = PBXBuildFile; fileRef = FAE910621F4885190056339C /* AsyncConstraint.swift */; };
/* End PBXBuildFile section */

/* Begin PBXContainerItemProxy section */
		FAA87CCE1D5CB80900792F43 /* PBXContainerItemProxy */ = {
			isa = PBXContainerItemProxy;
			containerPortal = FAB52B261D54EB8F00110049 /* Project object */;
			proxyType = 1;
			remoteGlobalIDString = FAA87CC31D5CB80900792F43;
			remoteInfo = "ValidationToolkit tvOS";
		};
		FAA87CEA1D5CB82000792F43 /* PBXContainerItemProxy */ = {
			isa = PBXContainerItemProxy;
			containerPortal = FAB52B261D54EB8F00110049 /* Project object */;
			proxyType = 1;
			remoteGlobalIDString = FAA87CDF1D5CB82000792F43;
			remoteInfo = "ValidationToolkit macOS";
		};
		FAB52B3A1D54EB8F00110049 /* PBXContainerItemProxy */ = {
			isa = PBXContainerItemProxy;
			containerPortal = FAB52B261D54EB8F00110049 /* Project object */;
			proxyType = 1;
			remoteGlobalIDString = FAB52B2E1D54EB8F00110049;
			remoteInfo = Validator;
		};
/* End PBXContainerItemProxy section */

/* Begin PBXFileReference section */
		FA00BE0E1D68470F004A38FE /* BlockPredicate.swift */ = {isa = PBXFileReference; fileEncoding = 4; lastKnownFileType = sourcecode.swift; lineEnding = 0; path = BlockPredicate.swift; sourceTree = "<group>"; };
		FA00BE101D6847F5004A38FE /* BlockPredicateTests.swift */ = {isa = PBXFileReference; fileEncoding = 4; lastKnownFileType = sourcecode.swift; path = BlockPredicateTests.swift; sourceTree = "<group>"; };
		FA17B2DA1D8D43E500534634 /* EvaluationResultTests.swift */ = {isa = PBXFileReference; fileEncoding = 4; lastKnownFileType = sourcecode.swift; path = EvaluationResultTests.swift; sourceTree = "<group>"; };
		FA17B2DE1D8D460D00534634 /* ConstraintSetTests.swift */ = {isa = PBXFileReference; fileEncoding = 4; lastKnownFileType = sourcecode.swift; lineEnding = 0; path = ConstraintSetTests.swift; sourceTree = "<group>"; xcLanguageSpecificationIdentifier = xcode.lang.swift; };
		FA6141381D61F36D00EECCC6 /* ConstraintSet.swift */ = {isa = PBXFileReference; fileEncoding = 4; lastKnownFileType = sourcecode.swift; lineEnding = 0; path = ConstraintSet.swift; sourceTree = "<group>"; xcLanguageSpecificationIdentifier = xcode.lang.swift; };
		FA655E8F1F48CFFB00563400 /* AsyncConstraintSetTests.swift */ = {isa = PBXFileReference; fileEncoding = 4; lastKnownFileType = sourcecode.swift; path = AsyncConstraintSetTests.swift; sourceTree = "<group>"; };
		FA655E931F48D06700563400 /* AsyncConstraintSet.swift */ = {isa = PBXFileReference; fileEncoding = 4; lastKnownFileType = sourcecode.swift; path = AsyncConstraintSet.swift; sourceTree = "<group>"; };
		FA655E991F49B53500563400 /* AsyncOperation.swift */ = {isa = PBXFileReference; fileEncoding = 4; lastKnownFileType = sourcecode.swift; path = AsyncOperation.swift; sourceTree = "<group>"; };
		FA6E6F9D1F5C012100E9568E /* FakeableError.swift */ = {isa = PBXFileReference; fileEncoding = 4; lastKnownFileType = sourcecode.swift; path = FakeableError.swift; sourceTree = "<group>"; };
		FAA87CB71D5CB7F500792F43 /* ValidationToolkit.framework */ = {isa = PBXFileReference; explicitFileType = wrapper.framework; includeInIndex = 0; path = ValidationToolkit.framework; sourceTree = BUILT_PRODUCTS_DIR; };
		FAA87CC41D5CB80900792F43 /* ValidationToolkit.framework */ = {isa = PBXFileReference; explicitFileType = wrapper.framework; includeInIndex = 0; path = ValidationToolkit.framework; sourceTree = BUILT_PRODUCTS_DIR; };
		FAA87CCC1D5CB80900792F43 /* ValidationToolkitTests.xctest */ = {isa = PBXFileReference; explicitFileType = wrapper.cfbundle; includeInIndex = 0; path = ValidationToolkitTests.xctest; sourceTree = BUILT_PRODUCTS_DIR; };
		FAA87CE01D5CB82000792F43 /* ValidationToolkit.framework */ = {isa = PBXFileReference; explicitFileType = wrapper.framework; includeInIndex = 0; path = ValidationToolkit.framework; sourceTree = BUILT_PRODUCTS_DIR; };
		FAA87CE81D5CB82000792F43 /* ValidationToolkitTests.xctest */ = {isa = PBXFileReference; explicitFileType = wrapper.cfbundle; includeInIndex = 0; path = ValidationToolkitTests.xctest; sourceTree = BUILT_PRODUCTS_DIR; };
		FAB52B2F1D54EB8F00110049 /* ValidationToolkit.framework */ = {isa = PBXFileReference; explicitFileType = wrapper.framework; includeInIndex = 0; path = ValidationToolkit.framework; sourceTree = BUILT_PRODUCTS_DIR; };
		FAB52B321D54EB8F00110049 /* ValidationToolkit.h */ = {isa = PBXFileReference; lastKnownFileType = sourcecode.c.h; lineEnding = 0; path = ValidationToolkit.h; sourceTree = "<group>"; xcLanguageSpecificationIdentifier = xcode.lang.objcpp; };
		FAB52B331D54EB8F00110049 /* Info.plist */ = {isa = PBXFileReference; lastKnownFileType = text.plist.xml; path = Info.plist; sourceTree = "<group>"; };
		FAB52B381D54EB8F00110049 /* ValidationToolkitTests.xctest */ = {isa = PBXFileReference; explicitFileType = wrapper.cfbundle; includeInIndex = 0; path = ValidationToolkitTests.xctest; sourceTree = BUILT_PRODUCTS_DIR; };
		FAB52B3F1D54EB8F00110049 /* Info.plist */ = {isa = PBXFileReference; lastKnownFileType = text.plist.xml; path = Info.plist; sourceTree = "<group>"; };
		FAB52B491D54EC4700110049 /* Predicate.swift */ = {isa = PBXFileReference; fileEncoding = 4; lastKnownFileType = sourcecode.swift; lineEnding = 0; path = Predicate.swift; sourceTree = "<group>"; xcLanguageSpecificationIdentifier = xcode.lang.swift; };
		FAB52B4B1D552DE800110049 /* RegexPredicate.swift */ = {isa = PBXFileReference; fileEncoding = 4; lastKnownFileType = sourcecode.swift; lineEnding = 0; path = RegexPredicate.swift; sourceTree = "<group>"; xcLanguageSpecificationIdentifier = xcode.lang.swift; };
		FAB52B4D1D552ECE00110049 /* RegexPredicateTests.swift */ = {isa = PBXFileReference; fileEncoding = 4; lastKnownFileType = sourcecode.swift; lineEnding = 0; path = RegexPredicateTests.swift; sourceTree = "<group>"; xcLanguageSpecificationIdentifier = xcode.lang.swift; };
		FADD5FA41D5A586B00ECACA1 /* Constraint.swift */ = {isa = PBXFileReference; fileEncoding = 4; lastKnownFileType = sourcecode.swift; lineEnding = 0; path = Constraint.swift; sourceTree = "<group>"; xcLanguageSpecificationIdentifier = xcode.lang.swift; };
		FADD5FA61D5A5BDB00ECACA1 /* Result.swift */ = {isa = PBXFileReference; fileEncoding = 4; lastKnownFileType = sourcecode.swift; lineEnding = 0; path = Result.swift; sourceTree = "<group>"; };
		FADE98971F4775FA00C0185E /* EmailPredicate.swift */ = {isa = PBXFileReference; fileEncoding = 4; lastKnownFileType = sourcecode.swift; path = EmailPredicate.swift; sourceTree = "<group>"; };
		FADE98981F4775FA00C0185E /* PairMatchingPredicate.swift */ = {isa = PBXFileReference; fileEncoding = 4; lastKnownFileType = sourcecode.swift; path = PairMatchingPredicate.swift; sourceTree = "<group>"; };
		FADE98991F4775FA00C0185E /* URLPredicate.swift */ = {isa = PBXFileReference; fileEncoding = 4; lastKnownFileType = sourcecode.swift; path = URLPredicate.swift; sourceTree = "<group>"; };
		FADE989D1F47760B00C0185E /* EmailPredicateTests.swift */ = {isa = PBXFileReference; fileEncoding = 4; lastKnownFileType = sourcecode.swift; path = EmailPredicateTests.swift; sourceTree = "<group>"; };
		FADE989E1F47760B00C0185E /* PairMatchingPredicateTests.swift */ = {isa = PBXFileReference; fileEncoding = 4; lastKnownFileType = sourcecode.swift; path = PairMatchingPredicateTests.swift; sourceTree = "<group>"; };
		FADE989F1F47760B00C0185E /* URLPredicateTests.swift */ = {isa = PBXFileReference; fileEncoding = 4; lastKnownFileType = sourcecode.swift; path = URLPredicateTests.swift; sourceTree = "<group>"; };
		FADE98B51F47F6D300C0185E /* AsyncPredicate.swift */ = {isa = PBXFileReference; fileEncoding = 4; lastKnownFileType = sourcecode.swift; path = AsyncPredicate.swift; sourceTree = "<group>"; };
		FADE98BA1F47F79E00C0185E /* AsyncPredicateTests.swift */ = {isa = PBXFileReference; fileEncoding = 4; lastKnownFileType = sourcecode.swift; path = AsyncPredicateTests.swift; sourceTree = "<group>"; };
		FAE24F1F1D5A5FF70017902A /* ConstraintTests.swift */ = {isa = PBXFileReference; fileEncoding = 4; lastKnownFileType = sourcecode.swift; lineEnding = 0; path = ConstraintTests.swift; sourceTree = "<group>"; xcLanguageSpecificationIdentifier = xcode.lang.swift; };
		FAE9105E1F4884910056339C /* AsyncConstraintTests.swift */ = {isa = PBXFileReference; fileEncoding = 4; lastKnownFileType = sourcecode.swift; path = AsyncConstraintTests.swift; sourceTree = "<group>"; };
		FAE910621F4885190056339C /* AsyncConstraint.swift */ = {isa = PBXFileReference; fileEncoding = 4; lastKnownFileType = sourcecode.swift; path = AsyncConstraint.swift; sourceTree = "<group>"; };
/* End PBXFileReference section */

/* Begin PBXFrameworksBuildPhase section */
		FAA87CB31D5CB7F500792F43 /* Frameworks */ = {
			isa = PBXFrameworksBuildPhase;
			buildActionMask = 2147483647;
			files = (
			);
			runOnlyForDeploymentPostprocessing = 0;
		};
		FAA87CC01D5CB80900792F43 /* Frameworks */ = {
			isa = PBXFrameworksBuildPhase;
			buildActionMask = 2147483647;
			files = (
			);
			runOnlyForDeploymentPostprocessing = 0;
		};
		FAA87CC91D5CB80900792F43 /* Frameworks */ = {
			isa = PBXFrameworksBuildPhase;
			buildActionMask = 2147483647;
			files = (
				FAA87CCD1D5CB80900792F43 /* ValidationToolkit.framework in Frameworks */,
			);
			runOnlyForDeploymentPostprocessing = 0;
		};
		FAA87CDC1D5CB82000792F43 /* Frameworks */ = {
			isa = PBXFrameworksBuildPhase;
			buildActionMask = 2147483647;
			files = (
			);
			runOnlyForDeploymentPostprocessing = 0;
		};
		FAA87CE51D5CB82000792F43 /* Frameworks */ = {
			isa = PBXFrameworksBuildPhase;
			buildActionMask = 2147483647;
			files = (
				FAA87CE91D5CB82000792F43 /* ValidationToolkit.framework in Frameworks */,
			);
			runOnlyForDeploymentPostprocessing = 0;
		};
		FAB52B2B1D54EB8F00110049 /* Frameworks */ = {
			isa = PBXFrameworksBuildPhase;
			buildActionMask = 2147483647;
			files = (
			);
			runOnlyForDeploymentPostprocessing = 0;
		};
		FAB52B351D54EB8F00110049 /* Frameworks */ = {
			isa = PBXFrameworksBuildPhase;
			buildActionMask = 2147483647;
			files = (
				FAB52B391D54EB8F00110049 /* ValidationToolkit.framework in Frameworks */,
			);
			runOnlyForDeploymentPostprocessing = 0;
		};
/* End PBXFrameworksBuildPhase section */

/* Begin PBXGroup section */
		FA04F39A1F49CE42009189B1 /* Helpers */ = {
			isa = PBXGroup;
			children = (
				FA655E991F49B53500563400 /* AsyncOperation.swift */,
			);
			name = Helpers;
			sourceTree = "<group>";
		};
		FA6E6F9C1F5C00F800E9568E /* Helpers */ = {
			isa = PBXGroup;
			children = (
				FA6E6F9D1F5C012100E9568E /* FakeableError.swift */,
			);
			name = Helpers;
			sourceTree = "<group>";
		};
		FA732DD21ECB893700137C5B /* Standard Predicates */ = {
			isa = PBXGroup;
			children = (
				FA00BE0E1D68470F004A38FE /* BlockPredicate.swift */,
				FAB52B4B1D552DE800110049 /* RegexPredicate.swift */,
				FADE98971F4775FA00C0185E /* EmailPredicate.swift */,
				FADE98981F4775FA00C0185E /* PairMatchingPredicate.swift */,
				FADE98991F4775FA00C0185E /* URLPredicate.swift */,
			);
			name = "Standard Predicates";
			sourceTree = "<group>";
		};
		FA732DD31ECB894300137C5B /* Core */ = {
			isa = PBXGroup;
			children = (
				FAB52B491D54EC4700110049 /* Predicate.swift */,
				FADE98B51F47F6D300C0185E /* AsyncPredicate.swift */,
				FADD5FA41D5A586B00ECACA1 /* Constraint.swift */,
				FAE910621F4885190056339C /* AsyncConstraint.swift */,
				FA6141381D61F36D00EECCC6 /* ConstraintSet.swift */,
				FA655E931F48D06700563400 /* AsyncConstraintSet.swift */,
				FADD5FA61D5A5BDB00ECACA1 /* Result.swift */,
			);
			name = Core;
			sourceTree = "<group>";
		};
		FA732DD41ECB895400137C5B /* Core */ = {
			isa = PBXGroup;
			children = (
				FADE98BA1F47F79E00C0185E /* AsyncPredicateTests.swift */,
				FAE24F1F1D5A5FF70017902A /* ConstraintTests.swift */,
				FAE9105E1F4884910056339C /* AsyncConstraintTests.swift */,
				FA17B2DE1D8D460D00534634 /* ConstraintSetTests.swift */,
				FA655E8F1F48CFFB00563400 /* AsyncConstraintSetTests.swift */,
				FA17B2DA1D8D43E500534634 /* EvaluationResultTests.swift */,
			);
			name = Core;
			sourceTree = "<group>";
		};
		FA732DD51ECB896200137C5B /* Standard Predicates */ = {
			isa = PBXGroup;
			children = (
				FA00BE101D6847F5004A38FE /* BlockPredicateTests.swift */,
				FAB52B4D1D552ECE00110049 /* RegexPredicateTests.swift */,
				FADE989D1F47760B00C0185E /* EmailPredicateTests.swift */,
				FADE989E1F47760B00C0185E /* PairMatchingPredicateTests.swift */,
				FADE989F1F47760B00C0185E /* URLPredicateTests.swift */,
			);
			name = "Standard Predicates";
			sourceTree = "<group>";
		};
		FA7F6A9E1D5590BD0081BD36 /* Supporting Files */ = {
			isa = PBXGroup;
			children = (
				FAB52B331D54EB8F00110049 /* Info.plist */,
				FAB52B321D54EB8F00110049 /* ValidationToolkit.h */,
			);
			name = "Supporting Files";
			sourceTree = "<group>";
		};
		FA7F6A9F1D5590E30081BD36 /* Supporting Files */ = {
			isa = PBXGroup;
			children = (
				FAB52B3F1D54EB8F00110049 /* Info.plist */,
			);
			name = "Supporting Files";
			sourceTree = "<group>";
		};
		FAB52B251D54EB8F00110049 = {
			isa = PBXGroup;
			children = (
				FAB52B311D54EB8F00110049 /* Sources */,
				FAB52B3C1D54EB8F00110049 /* Tests */,
				FAB52B301D54EB8F00110049 /* Products */,
			);
			sourceTree = "<group>";
		};
		FAB52B301D54EB8F00110049 /* Products */ = {
			isa = PBXGroup;
			children = (
				FAB52B2F1D54EB8F00110049 /* ValidationToolkit.framework */,
				FAB52B381D54EB8F00110049 /* ValidationToolkitTests.xctest */,
				FAA87CB71D5CB7F500792F43 /* ValidationToolkit.framework */,
				FAA87CC41D5CB80900792F43 /* ValidationToolkit.framework */,
				FAA87CCC1D5CB80900792F43 /* ValidationToolkitTests.xctest */,
				FAA87CE01D5CB82000792F43 /* ValidationToolkit.framework */,
				FAA87CE81D5CB82000792F43 /* ValidationToolkitTests.xctest */,
			);
			name = Products;
			sourceTree = "<group>";
		};
		FAB52B311D54EB8F00110049 /* Sources */ = {
			isa = PBXGroup;
			children = (
				FA732DD31ECB894300137C5B /* Core */,
				FA732DD21ECB893700137C5B /* Standard Predicates */,
				FA04F39A1F49CE42009189B1 /* Helpers */,
				FA7F6A9E1D5590BD0081BD36 /* Supporting Files */,
			);
			path = Sources;
			sourceTree = "<group>";
		};
		FAB52B3C1D54EB8F00110049 /* Tests */ = {
			isa = PBXGroup;
			children = (
				FA732DD41ECB895400137C5B /* Core */,
				FA732DD51ECB896200137C5B /* Standard Predicates */,
				FA6E6F9C1F5C00F800E9568E /* Helpers */,
				FA7F6A9F1D5590E30081BD36 /* Supporting Files */,
			);
			path = Tests;
			sourceTree = "<group>";
		};
/* End PBXGroup section */

/* Begin PBXHeadersBuildPhase section */
		FAA87CB41D5CB7F500792F43 /* Headers */ = {
			isa = PBXHeadersBuildPhase;
			buildActionMask = 2147483647;
			files = (
				FAA87D181D5CC04300792F43 /* ValidationToolkit.h in Headers */,
			);
			runOnlyForDeploymentPostprocessing = 0;
		};
		FAA87CC11D5CB80900792F43 /* Headers */ = {
			isa = PBXHeadersBuildPhase;
			buildActionMask = 2147483647;
			files = (
				FAA87D171D5CC01200792F43 /* ValidationToolkit.h in Headers */,
			);
			runOnlyForDeploymentPostprocessing = 0;
		};
		FAA87CDD1D5CB82000792F43 /* Headers */ = {
			isa = PBXHeadersBuildPhase;
			buildActionMask = 2147483647;
			files = (
				FAA87D161D5CC00D00792F43 /* ValidationToolkit.h in Headers */,
			);
			runOnlyForDeploymentPostprocessing = 0;
		};
		FAB52B2C1D54EB8F00110049 /* Headers */ = {
			isa = PBXHeadersBuildPhase;
			buildActionMask = 2147483647;
			files = (
				FAB52B401D54EB8F00110049 /* ValidationToolkit.h in Headers */,
			);
			runOnlyForDeploymentPostprocessing = 0;
		};
/* End PBXHeadersBuildPhase section */

/* Begin PBXNativeTarget section */
		FAA87CB61D5CB7F500792F43 /* ValidationToolkit watchOS */ = {
			isa = PBXNativeTarget;
			buildConfigurationList = FAA87CBE1D5CB7F500792F43 /* Build configuration list for PBXNativeTarget "ValidationToolkit watchOS" */;
			buildPhases = (
				FAA87CB21D5CB7F500792F43 /* Sources */,
				FAA87CB31D5CB7F500792F43 /* Frameworks */,
				FAA87CB41D5CB7F500792F43 /* Headers */,
				FAA87CB51D5CB7F500792F43 /* Resources */,
			);
			buildRules = (
			);
			dependencies = (
			);
			name = "ValidationToolkit watchOS";
			productName = "ValidationToolkit watchOS";
			productReference = FAA87CB71D5CB7F500792F43 /* ValidationToolkit.framework */;
			productType = "com.apple.product-type.framework";
		};
		FAA87CC31D5CB80900792F43 /* ValidationToolkit tvOS */ = {
			isa = PBXNativeTarget;
			buildConfigurationList = FAA87CD51D5CB80900792F43 /* Build configuration list for PBXNativeTarget "ValidationToolkit tvOS" */;
			buildPhases = (
				FAA87CBF1D5CB80900792F43 /* Sources */,
				FAA87CC01D5CB80900792F43 /* Frameworks */,
				FAA87CC11D5CB80900792F43 /* Headers */,
				FAA87CC21D5CB80900792F43 /* Resources */,
			);
			buildRules = (
			);
			dependencies = (
			);
			name = "ValidationToolkit tvOS";
			productName = "ValidationToolkit tvOS";
			productReference = FAA87CC41D5CB80900792F43 /* ValidationToolkit.framework */;
			productType = "com.apple.product-type.framework";
		};
		FAA87CCB1D5CB80900792F43 /* ValidationToolkit tvOS Tests */ = {
			isa = PBXNativeTarget;
			buildConfigurationList = FAA87CD81D5CB80900792F43 /* Build configuration list for PBXNativeTarget "ValidationToolkit tvOS Tests" */;
			buildPhases = (
				FAA87CC81D5CB80900792F43 /* Sources */,
				FAA87CC91D5CB80900792F43 /* Frameworks */,
				FAA87CCA1D5CB80900792F43 /* Resources */,
			);
			buildRules = (
			);
			dependencies = (
				FAA87CCF1D5CB80900792F43 /* PBXTargetDependency */,
			);
			name = "ValidationToolkit tvOS Tests";
			productName = "ValidationToolkit tvOSTests";
			productReference = FAA87CCC1D5CB80900792F43 /* ValidationToolkitTests.xctest */;
			productType = "com.apple.product-type.bundle.unit-test";
		};
		FAA87CDF1D5CB82000792F43 /* ValidationToolkit macOS */ = {
			isa = PBXNativeTarget;
			buildConfigurationList = FAA87CF11D5CB82000792F43 /* Build configuration list for PBXNativeTarget "ValidationToolkit macOS" */;
			buildPhases = (
				FAA87CDB1D5CB82000792F43 /* Sources */,
				FAA87CDC1D5CB82000792F43 /* Frameworks */,
				FAA87CDD1D5CB82000792F43 /* Headers */,
				FAA87CDE1D5CB82000792F43 /* Resources */,
			);
			buildRules = (
			);
			dependencies = (
			);
			name = "ValidationToolkit macOS";
			productName = "ValidationToolkit macOS";
			productReference = FAA87CE01D5CB82000792F43 /* ValidationToolkit.framework */;
			productType = "com.apple.product-type.framework";
		};
		FAA87CE71D5CB82000792F43 /* ValidationToolkit macOS Tests */ = {
			isa = PBXNativeTarget;
			buildConfigurationList = FAA87CF41D5CB82000792F43 /* Build configuration list for PBXNativeTarget "ValidationToolkit macOS Tests" */;
			buildPhases = (
				FAA87CE41D5CB82000792F43 /* Sources */,
				FAA87CE51D5CB82000792F43 /* Frameworks */,
				FAA87CE61D5CB82000792F43 /* Resources */,
			);
			buildRules = (
			);
			dependencies = (
				FAA87CEB1D5CB82000792F43 /* PBXTargetDependency */,
			);
			name = "ValidationToolkit macOS Tests";
			productName = "ValidationToolkit macOSTests";
			productReference = FAA87CE81D5CB82000792F43 /* ValidationToolkitTests.xctest */;
			productType = "com.apple.product-type.bundle.unit-test";
		};
		FAB52B2E1D54EB8F00110049 /* ValidationToolkit iOS */ = {
			isa = PBXNativeTarget;
			buildConfigurationList = FAB52B431D54EB8F00110049 /* Build configuration list for PBXNativeTarget "ValidationToolkit iOS" */;
			buildPhases = (
				FAB52B2A1D54EB8F00110049 /* Sources */,
				FAB52B2B1D54EB8F00110049 /* Frameworks */,
				FAB52B2C1D54EB8F00110049 /* Headers */,
				FAB52B2D1D54EB8F00110049 /* Resources */,
			);
			buildRules = (
			);
			dependencies = (
			);
			name = "ValidationToolkit iOS";
			productName = Validator;
			productReference = FAB52B2F1D54EB8F00110049 /* ValidationToolkit.framework */;
			productType = "com.apple.product-type.framework";
		};
		FAB52B371D54EB8F00110049 /* ValidationToolkit iOS Tests */ = {
			isa = PBXNativeTarget;
			buildConfigurationList = FAB52B461D54EB8F00110049 /* Build configuration list for PBXNativeTarget "ValidationToolkit iOS Tests" */;
			buildPhases = (
				FAB52B341D54EB8F00110049 /* Sources */,
				FAB52B351D54EB8F00110049 /* Frameworks */,
				FAB52B361D54EB8F00110049 /* Resources */,
			);
			buildRules = (
			);
			dependencies = (
				FAB52B3B1D54EB8F00110049 /* PBXTargetDependency */,
			);
			name = "ValidationToolkit iOS Tests";
			productName = ValidatorTests;
			productReference = FAB52B381D54EB8F00110049 /* ValidationToolkitTests.xctest */;
			productType = "com.apple.product-type.bundle.unit-test";
		};
/* End PBXNativeTarget section */

/* Begin PBXProject section */
		FAB52B261D54EB8F00110049 /* Project object */ = {
			isa = PBXProject;
			attributes = {
				LastSwiftUpdateCheck = 0800;
				LastUpgradeCheck = 0910;
				ORGANIZATIONNAME = "iOS NSAgora";
				TargetAttributes = {
					FAA87CB61D5CB7F500792F43 = {
						CreatedOnToolsVersion = 8.0;
						ProvisioningStyle = Automatic;
					};
					FAA87CC31D5CB80900792F43 = {
						CreatedOnToolsVersion = 8.0;
						DevelopmentTeam = JJUR3MD8QA;
						ProvisioningStyle = Automatic;
					};
					FAA87CCB1D5CB80900792F43 = {
						CreatedOnToolsVersion = 8.0;
						DevelopmentTeam = JJUR3MD8QA;
						ProvisioningStyle = Automatic;
					};
					FAA87CDF1D5CB82000792F43 = {
						CreatedOnToolsVersion = 8.0;
						ProvisioningStyle = Automatic;
					};
					FAA87CE71D5CB82000792F43 = {
						CreatedOnToolsVersion = 8.0;
						DevelopmentTeam = JJUR3MD8QA;
						ProvisioningStyle = Automatic;
					};
					FAB52B2E1D54EB8F00110049 = {
						CreatedOnToolsVersion = 8.0;
						DevelopmentTeamName = "Thinslices Development (Personal Team)";
						LastSwiftMigration = 0800;
						ProvisioningStyle = Automatic;
					};
					FAB52B371D54EB8F00110049 = {
						CreatedOnToolsVersion = 8.0;
						DevelopmentTeam = JJUR3MD8QA;
						DevelopmentTeamName = "Thinslices Development (Personal Team)";
						ProvisioningStyle = Automatic;
					};
				};
			};
			buildConfigurationList = FAB52B291D54EB8F00110049 /* Build configuration list for PBXProject "ValidationToolkit" */;
			compatibilityVersion = "Xcode 3.2";
			developmentRegion = English;
			hasScannedForEncodings = 0;
			knownRegions = (
				en,
			);
			mainGroup = FAB52B251D54EB8F00110049;
			productRefGroup = FAB52B301D54EB8F00110049 /* Products */;
			projectDirPath = "";
			projectRoot = "";
			targets = (
				FAB52B2E1D54EB8F00110049 /* ValidationToolkit iOS */,
				FAB52B371D54EB8F00110049 /* ValidationToolkit iOS Tests */,
				FAA87CDF1D5CB82000792F43 /* ValidationToolkit macOS */,
				FAA87CE71D5CB82000792F43 /* ValidationToolkit macOS Tests */,
				FAA87CC31D5CB80900792F43 /* ValidationToolkit tvOS */,
				FAA87CCB1D5CB80900792F43 /* ValidationToolkit tvOS Tests */,
				FAA87CB61D5CB7F500792F43 /* ValidationToolkit watchOS */,
			);
		};
/* End PBXProject section */

/* Begin PBXResourcesBuildPhase section */
		FAA87CB51D5CB7F500792F43 /* Resources */ = {
			isa = PBXResourcesBuildPhase;
			buildActionMask = 2147483647;
			files = (
			);
			runOnlyForDeploymentPostprocessing = 0;
		};
		FAA87CC21D5CB80900792F43 /* Resources */ = {
			isa = PBXResourcesBuildPhase;
			buildActionMask = 2147483647;
			files = (
			);
			runOnlyForDeploymentPostprocessing = 0;
		};
		FAA87CCA1D5CB80900792F43 /* Resources */ = {
			isa = PBXResourcesBuildPhase;
			buildActionMask = 2147483647;
			files = (
			);
			runOnlyForDeploymentPostprocessing = 0;
		};
		FAA87CDE1D5CB82000792F43 /* Resources */ = {
			isa = PBXResourcesBuildPhase;
			buildActionMask = 2147483647;
			files = (
			);
			runOnlyForDeploymentPostprocessing = 0;
		};
		FAA87CE61D5CB82000792F43 /* Resources */ = {
			isa = PBXResourcesBuildPhase;
			buildActionMask = 2147483647;
			files = (
			);
			runOnlyForDeploymentPostprocessing = 0;
		};
		FAB52B2D1D54EB8F00110049 /* Resources */ = {
			isa = PBXResourcesBuildPhase;
			buildActionMask = 2147483647;
			files = (
			);
			runOnlyForDeploymentPostprocessing = 0;
		};
		FAB52B361D54EB8F00110049 /* Resources */ = {
			isa = PBXResourcesBuildPhase;
			buildActionMask = 2147483647;
			files = (
			);
			runOnlyForDeploymentPostprocessing = 0;
		};
/* End PBXResourcesBuildPhase section */

/* Begin PBXSourcesBuildPhase section */
		FAA87CB21D5CB7F500792F43 /* Sources */ = {
			isa = PBXSourcesBuildPhase;
			buildActionMask = 2147483647;
			files = (
				FADE98B21F47769A00C0185E /* EmailPredicate.swift in Sources */,
				FA655E9D1F49B53500563400 /* AsyncOperation.swift in Sources */,
				FAE910661F4885190056339C /* AsyncConstraint.swift in Sources */,
				FA0B3A5D1D6CD31E00E8F2AD /* BlockPredicate.swift in Sources */,
				FADE98B91F47F6D300C0185E /* AsyncPredicate.swift in Sources */,
				FAA87CFF1D5CB93D00792F43 /* RegexPredicate.swift in Sources */,
				FAA87CFC1D5CB93D00792F43 /* Result.swift in Sources */,
				FA655E971F48D06700563400 /* AsyncConstraintSet.swift in Sources */,
				FAA87CFE1D5CB93D00792F43 /* Predicate.swift in Sources */,
				FA61413C1D61F36D00EECCC6 /* ConstraintSet.swift in Sources */,
				FADE98B41F47769A00C0185E /* URLPredicate.swift in Sources */,
				FADE98B31F47769A00C0185E /* PairMatchingPredicate.swift in Sources */,
				FAA87CFD1D5CB93D00792F43 /* Constraint.swift in Sources */,
			);
			runOnlyForDeploymentPostprocessing = 0;
		};
		FAA87CBF1D5CB80900792F43 /* Sources */ = {
			isa = PBXSourcesBuildPhase;
			buildActionMask = 2147483647;
			files = (
				FADE98AF1F47769A00C0185E /* EmailPredicate.swift in Sources */,
				FA655E9C1F49B53500563400 /* AsyncOperation.swift in Sources */,
				FAE910651F4885190056339C /* AsyncConstraint.swift in Sources */,
				FA0B3A5C1D6CD31C00E8F2AD /* BlockPredicate.swift in Sources */,
				FADE98B81F47F6D300C0185E /* AsyncPredicate.swift in Sources */,
				FAA87D041D5CB93E00792F43 /* RegexPredicate.swift in Sources */,
				FAA87D011D5CB93E00792F43 /* Result.swift in Sources */,
				FA655E961F48D06700563400 /* AsyncConstraintSet.swift in Sources */,
				FAA87D031D5CB93E00792F43 /* Predicate.swift in Sources */,
				FA61413B1D61F36D00EECCC6 /* ConstraintSet.swift in Sources */,
				FADE98B11F47769A00C0185E /* URLPredicate.swift in Sources */,
				FADE98B01F47769A00C0185E /* PairMatchingPredicate.swift in Sources */,
				FAA87D021D5CB93E00792F43 /* Constraint.swift in Sources */,
			);
			runOnlyForDeploymentPostprocessing = 0;
		};
		FAA87CC81D5CB80900792F43 /* Sources */ = {
			isa = PBXSourcesBuildPhase;
			buildActionMask = 2147483647;
			files = (
				FA0B3A5F1D6CD32C00E8F2AD /* BlockPredicateTests.swift in Sources */,
				FAE910611F4884910056339C /* AsyncConstraintTests.swift in Sources */,
				FADE98AB1F47769400C0185E /* URLPredicateTests.swift in Sources */,
				FA655E921F48CFFB00563400 /* AsyncConstraintSetTests.swift in Sources */,
				FA17B2E11D8D460D00534634 /* ConstraintSetTests.swift in Sources */,
				FA6E6FA01F5C012100E9568E /* FakeableError.swift in Sources */,
				FADE98AA1F47769400C0185E /* PairMatchingPredicateTests.swift in Sources */,
				FADE98A91F47769400C0185E /* EmailPredicateTests.swift in Sources */,
				FAA87D0B1D5CB97600792F43 /* ConstraintTests.swift in Sources */,
				FADE98BD1F47F79E00C0185E /* AsyncPredicateTests.swift in Sources */,
				FAA87D091D5CB97600792F43 /* RegexPredicateTests.swift in Sources */,
				FA17B2DD1D8D43E500534634 /* EvaluationResultTests.swift in Sources */,
			);
			runOnlyForDeploymentPostprocessing = 0;
		};
		FAA87CDB1D5CB82000792F43 /* Sources */ = {
			isa = PBXSourcesBuildPhase;
			buildActionMask = 2147483647;
			files = (
				FADE98AC1F47769900C0185E /* EmailPredicate.swift in Sources */,
				FA655E9B1F49B53500563400 /* AsyncOperation.swift in Sources */,
				FAE910641F4885190056339C /* AsyncConstraint.swift in Sources */,
				FA0B3A5B1D6CD31B00E8F2AD /* BlockPredicate.swift in Sources */,
				FADE98B71F47F6D300C0185E /* AsyncPredicate.swift in Sources */,
				FAA87CFA1D5CB93C00792F43 /* RegexPredicate.swift in Sources */,
				FAA87CF71D5CB93C00792F43 /* Result.swift in Sources */,
				FA655E951F48D06700563400 /* AsyncConstraintSet.swift in Sources */,
				FAA87CF91D5CB93C00792F43 /* Predicate.swift in Sources */,
				FA61413A1D61F36D00EECCC6 /* ConstraintSet.swift in Sources */,
				FADE98AE1F47769900C0185E /* URLPredicate.swift in Sources */,
				FADE98AD1F47769900C0185E /* PairMatchingPredicate.swift in Sources */,
				FAA87CF81D5CB93C00792F43 /* Constraint.swift in Sources */,
			);
			runOnlyForDeploymentPostprocessing = 0;
		};
		FAA87CE41D5CB82000792F43 /* Sources */ = {
			isa = PBXSourcesBuildPhase;
			buildActionMask = 2147483647;
			files = (
				FA0B3A5E1D6CD32B00E8F2AD /* BlockPredicateTests.swift in Sources */,
				FAE910601F4884910056339C /* AsyncConstraintTests.swift in Sources */,
				FADE98A81F47769300C0185E /* URLPredicateTests.swift in Sources */,
				FA655E911F48CFFB00563400 /* AsyncConstraintSetTests.swift in Sources */,
				FA17B2E01D8D460D00534634 /* ConstraintSetTests.swift in Sources */,
				FA6E6F9F1F5C012100E9568E /* FakeableError.swift in Sources */,
				FADE98A71F47769300C0185E /* PairMatchingPredicateTests.swift in Sources */,
				FADE98A61F47769300C0185E /* EmailPredicateTests.swift in Sources */,
				FAA87D081D5CB97500792F43 /* ConstraintTests.swift in Sources */,
				FADE98BC1F47F79E00C0185E /* AsyncPredicateTests.swift in Sources */,
				FAA87D061D5CB97500792F43 /* RegexPredicateTests.swift in Sources */,
				FA17B2DC1D8D43E500534634 /* EvaluationResultTests.swift in Sources */,
			);
			runOnlyForDeploymentPostprocessing = 0;
		};
		FAB52B2A1D54EB8F00110049 /* Sources */ = {
			isa = PBXSourcesBuildPhase;
			buildActionMask = 2147483647;
			files = (
				FADE989A1F4775FA00C0185E /* EmailPredicate.swift in Sources */,
				FA655E9A1F49B53500563400 /* AsyncOperation.swift in Sources */,
				FAE910631F4885190056339C /* AsyncConstraint.swift in Sources */,
				FA00BE0F1D68470F004A38FE /* BlockPredicate.swift in Sources */,
				FADE98B61F47F6D300C0185E /* AsyncPredicate.swift in Sources */,
				FADD5FA51D5A586B00ECACA1 /* Constraint.swift in Sources */,
				FAB52B4C1D552DE800110049 /* RegexPredicate.swift in Sources */,
				FA655E941F48D06700563400 /* AsyncConstraintSet.swift in Sources */,
				FADD5FA71D5A5BDB00ECACA1 /* Result.swift in Sources */,
				FA6141391D61F36D00EECCC6 /* ConstraintSet.swift in Sources */,
				FADE989C1F4775FA00C0185E /* URLPredicate.swift in Sources */,
				FADE989B1F4775FA00C0185E /* PairMatchingPredicate.swift in Sources */,
				FAB52B4A1D54EC4700110049 /* Predicate.swift in Sources */,
			);
			runOnlyForDeploymentPostprocessing = 0;
		};
		FAB52B341D54EB8F00110049 /* Sources */ = {
			isa = PBXSourcesBuildPhase;
			buildActionMask = 2147483647;
			files = (
				FA00BE111D6847F5004A38FE /* BlockPredicateTests.swift in Sources */,
				FAE9105F1F4884910056339C /* AsyncConstraintTests.swift in Sources */,
				FADE98A51F47769200C0185E /* URLPredicateTests.swift in Sources */,
				FA655E901F48CFFB00563400 /* AsyncConstraintSetTests.swift in Sources */,
				FA17B2DF1D8D460D00534634 /* ConstraintSetTests.swift in Sources */,
				FA6E6F9E1F5C012100E9568E /* FakeableError.swift in Sources */,
				FADE98A41F47769200C0185E /* PairMatchingPredicateTests.swift in Sources */,
				FADE98A31F47769200C0185E /* EmailPredicateTests.swift in Sources */,
				FAB52B4E1D552ECE00110049 /* RegexPredicateTests.swift in Sources */,
				FADE98BB1F47F79E00C0185E /* AsyncPredicateTests.swift in Sources */,
				FAE24F201D5A5FF70017902A /* ConstraintTests.swift in Sources */,
				FA17B2DB1D8D43E500534634 /* EvaluationResultTests.swift in Sources */,
			);
			runOnlyForDeploymentPostprocessing = 0;
		};
/* End PBXSourcesBuildPhase section */

/* Begin PBXTargetDependency section */
		FAA87CCF1D5CB80900792F43 /* PBXTargetDependency */ = {
			isa = PBXTargetDependency;
			target = FAA87CC31D5CB80900792F43 /* ValidationToolkit tvOS */;
			targetProxy = FAA87CCE1D5CB80900792F43 /* PBXContainerItemProxy */;
		};
		FAA87CEB1D5CB82000792F43 /* PBXTargetDependency */ = {
			isa = PBXTargetDependency;
			target = FAA87CDF1D5CB82000792F43 /* ValidationToolkit macOS */;
			targetProxy = FAA87CEA1D5CB82000792F43 /* PBXContainerItemProxy */;
		};
		FAB52B3B1D54EB8F00110049 /* PBXTargetDependency */ = {
			isa = PBXTargetDependency;
			target = FAB52B2E1D54EB8F00110049 /* ValidationToolkit iOS */;
			targetProxy = FAB52B3A1D54EB8F00110049 /* PBXContainerItemProxy */;
		};
/* End PBXTargetDependency section */

/* Begin XCBuildConfiguration section */
		FAA87CBC1D5CB7F500792F43 /* Debug */ = {
			isa = XCBuildConfiguration;
			buildSettings = {
				APPLICATION_EXTENSION_API_ONLY = YES;
				CLANG_WARN_INFINITE_RECURSION = YES;
				CLANG_WARN_SUSPICIOUS_MOVES = YES;
				"CODE_SIGN_IDENTITY[sdk=watchos*]" = "";
				DEFINES_MODULE = YES;
				DEVELOPMENT_TEAM = "";
				DYLIB_COMPATIBILITY_VERSION = 1;
				DYLIB_CURRENT_VERSION = 1;
				DYLIB_INSTALL_NAME_BASE = "@rpath";
				INFOPLIST_FILE = Sources/Info.plist;
				INSTALL_PATH = "$(LOCAL_LIBRARY_DIR)/Frameworks";
				LD_RUNPATH_SEARCH_PATHS = "$(inherited) @executable_path/Frameworks @loader_path/Frameworks";
				PRODUCT_NAME = ValidationToolkit;
				SDKROOT = watchos;
				SKIP_INSTALL = YES;
				TARGETED_DEVICE_FAMILY = 4;
				WATCHOS_DEPLOYMENT_TARGET = 2.0;
			};
			name = Debug;
		};
		FAA87CBD1D5CB7F500792F43 /* Release */ = {
			isa = XCBuildConfiguration;
			buildSettings = {
				APPLICATION_EXTENSION_API_ONLY = YES;
				CLANG_WARN_INFINITE_RECURSION = YES;
				CLANG_WARN_SUSPICIOUS_MOVES = YES;
				"CODE_SIGN_IDENTITY[sdk=watchos*]" = "";
				DEFINES_MODULE = YES;
				DEVELOPMENT_TEAM = "";
				DYLIB_COMPATIBILITY_VERSION = 1;
				DYLIB_CURRENT_VERSION = 1;
				DYLIB_INSTALL_NAME_BASE = "@rpath";
				INFOPLIST_FILE = Sources/Info.plist;
				INSTALL_PATH = "$(LOCAL_LIBRARY_DIR)/Frameworks";
				LD_RUNPATH_SEARCH_PATHS = "$(inherited) @executable_path/Frameworks @loader_path/Frameworks";
				PRODUCT_NAME = ValidationToolkit;
				SDKROOT = watchos;
				SKIP_INSTALL = YES;
				TARGETED_DEVICE_FAMILY = 4;
				WATCHOS_DEPLOYMENT_TARGET = 2.0;
			};
			name = Release;
		};
		FAA87CD61D5CB80900792F43 /* Debug */ = {
			isa = XCBuildConfiguration;
			buildSettings = {
				APPLICATION_EXTENSION_API_ONLY = YES;
				CLANG_WARN_INFINITE_RECURSION = YES;
				CLANG_WARN_SUSPICIOUS_MOVES = YES;
				"CODE_SIGN_IDENTITY[sdk=appletvos*]" = "";
				DEFINES_MODULE = YES;
				DYLIB_COMPATIBILITY_VERSION = 1;
				DYLIB_CURRENT_VERSION = 1;
				DYLIB_INSTALL_NAME_BASE = "@rpath";
				INFOPLIST_FILE = Sources/Info.plist;
				INSTALL_PATH = "$(LOCAL_LIBRARY_DIR)/Frameworks";
				LD_RUNPATH_SEARCH_PATHS = "$(inherited) @executable_path/Frameworks @loader_path/Frameworks";
				PRODUCT_NAME = ValidationToolkit;
				SDKROOT = appletvos;
				SKIP_INSTALL = YES;
				TARGETED_DEVICE_FAMILY = 3;
				TVOS_DEPLOYMENT_TARGET = 9.0;
			};
			name = Debug;
		};
		FAA87CD71D5CB80900792F43 /* Release */ = {
			isa = XCBuildConfiguration;
			buildSettings = {
				APPLICATION_EXTENSION_API_ONLY = YES;
				CLANG_WARN_INFINITE_RECURSION = YES;
				CLANG_WARN_SUSPICIOUS_MOVES = YES;
				"CODE_SIGN_IDENTITY[sdk=appletvos*]" = "";
				DEFINES_MODULE = YES;
				DYLIB_COMPATIBILITY_VERSION = 1;
				DYLIB_CURRENT_VERSION = 1;
				DYLIB_INSTALL_NAME_BASE = "@rpath";
				INFOPLIST_FILE = Sources/Info.plist;
				INSTALL_PATH = "$(LOCAL_LIBRARY_DIR)/Frameworks";
				LD_RUNPATH_SEARCH_PATHS = "$(inherited) @executable_path/Frameworks @loader_path/Frameworks";
				PRODUCT_NAME = ValidationToolkit;
				SDKROOT = appletvos;
				SKIP_INSTALL = YES;
				TARGETED_DEVICE_FAMILY = 3;
				TVOS_DEPLOYMENT_TARGET = 9.0;
			};
			name = Release;
		};
		FAA87CD91D5CB80900792F43 /* Debug */ = {
			isa = XCBuildConfiguration;
			buildSettings = {
				CLANG_WARN_INFINITE_RECURSION = YES;
				CLANG_WARN_SUSPICIOUS_MOVES = YES;
				INFOPLIST_FILE = Tests/Info.plist;
				LD_RUNPATH_SEARCH_PATHS = "$(inherited) @executable_path/Frameworks @loader_path/Frameworks";
				PRODUCT_NAME = ValidationToolkitTests;
				SDKROOT = appletvos;
				TVOS_DEPLOYMENT_TARGET = 10.0;
			};
			name = Debug;
		};
		FAA87CDA1D5CB80900792F43 /* Release */ = {
			isa = XCBuildConfiguration;
			buildSettings = {
				CLANG_WARN_INFINITE_RECURSION = YES;
				CLANG_WARN_SUSPICIOUS_MOVES = YES;
				INFOPLIST_FILE = Tests/Info.plist;
				LD_RUNPATH_SEARCH_PATHS = "$(inherited) @executable_path/Frameworks @loader_path/Frameworks";
				PRODUCT_NAME = ValidationToolkitTests;
				SDKROOT = appletvos;
				TVOS_DEPLOYMENT_TARGET = 10.0;
			};
			name = Release;
		};
		FAA87CF21D5CB82000792F43 /* Debug */ = {
			isa = XCBuildConfiguration;
			buildSettings = {
				APPLICATION_EXTENSION_API_ONLY = YES;
				CLANG_WARN_INFINITE_RECURSION = YES;
				CLANG_WARN_SUSPICIOUS_MOVES = YES;
				COMBINE_HIDPI_IMAGES = YES;
				DEFINES_MODULE = YES;
				DEVELOPMENT_TEAM = "";
				DYLIB_COMPATIBILITY_VERSION = 1;
				DYLIB_CURRENT_VERSION = 1;
				DYLIB_INSTALL_NAME_BASE = "@rpath";
				FRAMEWORK_VERSION = A;
				INFOPLIST_FILE = Sources/Info.plist;
				INSTALL_PATH = "$(LOCAL_LIBRARY_DIR)/Frameworks";
				LD_RUNPATH_SEARCH_PATHS = "$(inherited) @executable_path/../Frameworks @loader_path/Frameworks";
				MACOSX_DEPLOYMENT_TARGET = 10.10;
				PRODUCT_NAME = ValidationToolkit;
				SDKROOT = macosx;
				SKIP_INSTALL = YES;
			};
			name = Debug;
		};
		FAA87CF31D5CB82000792F43 /* Release */ = {
			isa = XCBuildConfiguration;
			buildSettings = {
				APPLICATION_EXTENSION_API_ONLY = YES;
				CLANG_WARN_INFINITE_RECURSION = YES;
				CLANG_WARN_SUSPICIOUS_MOVES = YES;
				COMBINE_HIDPI_IMAGES = YES;
				DEFINES_MODULE = YES;
				DEVELOPMENT_TEAM = "";
				DYLIB_COMPATIBILITY_VERSION = 1;
				DYLIB_CURRENT_VERSION = 1;
				DYLIB_INSTALL_NAME_BASE = "@rpath";
				FRAMEWORK_VERSION = A;
				INFOPLIST_FILE = Sources/Info.plist;
				INSTALL_PATH = "$(LOCAL_LIBRARY_DIR)/Frameworks";
				LD_RUNPATH_SEARCH_PATHS = "$(inherited) @executable_path/../Frameworks @loader_path/Frameworks";
				MACOSX_DEPLOYMENT_TARGET = 10.10;
				PRODUCT_NAME = ValidationToolkit;
				SDKROOT = macosx;
				SKIP_INSTALL = YES;
			};
			name = Release;
		};
		FAA87CF51D5CB82000792F43 /* Debug */ = {
			isa = XCBuildConfiguration;
			buildSettings = {
				CLANG_WARN_INFINITE_RECURSION = YES;
				CLANG_WARN_SUSPICIOUS_MOVES = YES;
				COMBINE_HIDPI_IMAGES = YES;
				INFOPLIST_FILE = Tests/Info.plist;
				LD_RUNPATH_SEARCH_PATHS = "$(inherited) @executable_path/../Frameworks @loader_path/../Frameworks";
				MACOSX_DEPLOYMENT_TARGET = 10.11;
				PRODUCT_NAME = ValidationToolkitTests;
				SDKROOT = macosx;
			};
			name = Debug;
		};
		FAA87CF61D5CB82000792F43 /* Release */ = {
			isa = XCBuildConfiguration;
			buildSettings = {
				CLANG_WARN_INFINITE_RECURSION = YES;
				CLANG_WARN_SUSPICIOUS_MOVES = YES;
				COMBINE_HIDPI_IMAGES = YES;
				INFOPLIST_FILE = Tests/Info.plist;
				LD_RUNPATH_SEARCH_PATHS = "$(inherited) @executable_path/../Frameworks @loader_path/../Frameworks";
				MACOSX_DEPLOYMENT_TARGET = 10.11;
				PRODUCT_NAME = ValidationToolkitTests;
				SDKROOT = macosx;
			};
			name = Release;
		};
		FAB52B411D54EB8F00110049 /* Debug */ = {
			isa = XCBuildConfiguration;
			buildSettings = {
				ALWAYS_SEARCH_USER_PATHS = NO;
				CLANG_ANALYZER_NONNULL = YES;
				CLANG_CXX_LANGUAGE_STANDARD = "gnu++0x";
				CLANG_CXX_LIBRARY = "libc++";
				CLANG_ENABLE_MODULES = YES;
				CLANG_ENABLE_OBJC_ARC = YES;
				CLANG_WARN_BLOCK_CAPTURE_AUTORELEASING = YES;
				CLANG_WARN_BOOL_CONVERSION = YES;
				CLANG_WARN_COMMA = YES;
				CLANG_WARN_CONSTANT_CONVERSION = YES;
				CLANG_WARN_DIRECT_OBJC_ISA_USAGE = YES_ERROR;
				CLANG_WARN_DOCUMENTATION_COMMENTS = YES;
				CLANG_WARN_EMPTY_BODY = YES;
				CLANG_WARN_ENUM_CONVERSION = YES;
				CLANG_WARN_INFINITE_RECURSION = YES;
				CLANG_WARN_INT_CONVERSION = YES;
				CLANG_WARN_NON_LITERAL_NULL_CONVERSION = YES;
				CLANG_WARN_OBJC_LITERAL_CONVERSION = YES;
				CLANG_WARN_OBJC_ROOT_CLASS = YES_ERROR;
				CLANG_WARN_RANGE_LOOP_ANALYSIS = YES;
				CLANG_WARN_STRICT_PROTOTYPES = YES;
				CLANG_WARN_SUSPICIOUS_MOVE = YES;
				CLANG_WARN_UNREACHABLE_CODE = YES;
				CLANG_WARN__DUPLICATE_METHOD_MATCH = YES;
				COPY_PHASE_STRIP = NO;
				CURRENT_PROJECT_VERSION = 1;
				DEBUG_INFORMATION_FORMAT = dwarf;
				ENABLE_STRICT_OBJC_MSGSEND = YES;
				ENABLE_TESTABILITY = YES;
				GCC_C_LANGUAGE_STANDARD = gnu99;
				GCC_DYNAMIC_NO_PIC = NO;
				GCC_NO_COMMON_BLOCKS = YES;
				GCC_OPTIMIZATION_LEVEL = 0;
				GCC_PREPROCESSOR_DEFINITIONS = (
					"DEBUG=1",
					"$(inherited)",
				);
				GCC_WARN_64_TO_32_BIT_CONVERSION = YES;
				GCC_WARN_ABOUT_RETURN_TYPE = YES_ERROR;
				GCC_WARN_UNDECLARED_SELECTOR = YES;
				GCC_WARN_UNINITIALIZED_AUTOS = YES_AGGRESSIVE;
				GCC_WARN_UNUSED_FUNCTION = YES;
				GCC_WARN_UNUSED_VARIABLE = YES;
				IPHONEOS_DEPLOYMENT_TARGET = 10.0;
				MTL_ENABLE_DEBUG_INFO = YES;
				ONLY_ACTIVE_ARCH = YES;
				PRODUCT_BUNDLE_IDENTIFIER = "com.nsagora.validation-toolkit";
				PRODUCT_NAME = ValidationToolkit;
				SDKROOT = iphoneos;
				SWIFT_ACTIVE_COMPILATION_CONDITIONS = DEBUG;
				SWIFT_OPTIMIZATION_LEVEL = "-Onone";
				SWIFT_VERSION = 3.0;
				TARGETED_DEVICE_FAMILY = "1,2";
				VERSIONING_SYSTEM = "apple-generic";
				VERSION_INFO_PREFIX = "";
			};
			name = Debug;
		};
		FAB52B421D54EB8F00110049 /* Release */ = {
			isa = XCBuildConfiguration;
			buildSettings = {
				ALWAYS_SEARCH_USER_PATHS = NO;
				CLANG_ANALYZER_NONNULL = YES;
				CLANG_CXX_LANGUAGE_STANDARD = "gnu++0x";
				CLANG_CXX_LIBRARY = "libc++";
				CLANG_ENABLE_MODULES = YES;
				CLANG_ENABLE_OBJC_ARC = YES;
				CLANG_WARN_BLOCK_CAPTURE_AUTORELEASING = YES;
				CLANG_WARN_BOOL_CONVERSION = YES;
				CLANG_WARN_COMMA = YES;
				CLANG_WARN_CONSTANT_CONVERSION = YES;
				CLANG_WARN_DIRECT_OBJC_ISA_USAGE = YES_ERROR;
				CLANG_WARN_DOCUMENTATION_COMMENTS = YES;
				CLANG_WARN_EMPTY_BODY = YES;
				CLANG_WARN_ENUM_CONVERSION = YES;
				CLANG_WARN_INFINITE_RECURSION = YES;
				CLANG_WARN_INT_CONVERSION = YES;
				CLANG_WARN_NON_LITERAL_NULL_CONVERSION = YES;
				CLANG_WARN_OBJC_LITERAL_CONVERSION = YES;
				CLANG_WARN_OBJC_ROOT_CLASS = YES_ERROR;
				CLANG_WARN_RANGE_LOOP_ANALYSIS = YES;
				CLANG_WARN_STRICT_PROTOTYPES = YES;
				CLANG_WARN_SUSPICIOUS_MOVE = YES;
				CLANG_WARN_UNREACHABLE_CODE = YES;
				CLANG_WARN__DUPLICATE_METHOD_MATCH = YES;
				COPY_PHASE_STRIP = NO;
				CURRENT_PROJECT_VERSION = 1;
				DEBUG_INFORMATION_FORMAT = "dwarf-with-dsym";
				ENABLE_NS_ASSERTIONS = NO;
				ENABLE_STRICT_OBJC_MSGSEND = YES;
				GCC_C_LANGUAGE_STANDARD = gnu99;
				GCC_NO_COMMON_BLOCKS = YES;
				GCC_WARN_64_TO_32_BIT_CONVERSION = YES;
				GCC_WARN_ABOUT_RETURN_TYPE = YES_ERROR;
				GCC_WARN_UNDECLARED_SELECTOR = YES;
				GCC_WARN_UNINITIALIZED_AUTOS = YES_AGGRESSIVE;
				GCC_WARN_UNUSED_FUNCTION = YES;
				GCC_WARN_UNUSED_VARIABLE = YES;
				IPHONEOS_DEPLOYMENT_TARGET = 10.0;
				MTL_ENABLE_DEBUG_INFO = NO;
				PRODUCT_BUNDLE_IDENTIFIER = "com.nsagora.validation-toolkit";
				PRODUCT_NAME = ValidationToolkit;
				SDKROOT = iphoneos;
				SWIFT_OPTIMIZATION_LEVEL = "-Owholemodule";
				SWIFT_VERSION = 3.0;
				TARGETED_DEVICE_FAMILY = "1,2";
				VALIDATE_PRODUCT = YES;
				VERSIONING_SYSTEM = "apple-generic";
				VERSION_INFO_PREFIX = "";
			};
			name = Release;
		};
		FAB52B441D54EB8F00110049 /* Debug */ = {
			isa = XCBuildConfiguration;
			buildSettings = {
				APPLICATION_EXTENSION_API_ONLY = YES;
				CLANG_ENABLE_MODULES = YES;
				DEFINES_MODULE = YES;
				DEVELOPMENT_TEAM = "";
				DYLIB_COMPATIBILITY_VERSION = 1;
				DYLIB_CURRENT_VERSION = 1;
				DYLIB_INSTALL_NAME_BASE = "@rpath";
				INFOPLIST_FILE = Sources/Info.plist;
				INSTALL_PATH = "$(LOCAL_LIBRARY_DIR)/Frameworks";
				IPHONEOS_DEPLOYMENT_TARGET = 8.0;
				LD_RUNPATH_SEARCH_PATHS = "$(inherited) @executable_path/Frameworks @loader_path/Frameworks";
				PRODUCT_NAME = ValidationToolkit;
				SKIP_INSTALL = YES;
			};
			name = Debug;
		};
		FAB52B451D54EB8F00110049 /* Release */ = {
			isa = XCBuildConfiguration;
			buildSettings = {
				APPLICATION_EXTENSION_API_ONLY = YES;
				CLANG_ENABLE_MODULES = YES;
				DEFINES_MODULE = YES;
				DEVELOPMENT_TEAM = "";
				DYLIB_COMPATIBILITY_VERSION = 1;
				DYLIB_CURRENT_VERSION = 1;
				DYLIB_INSTALL_NAME_BASE = "@rpath";
				INFOPLIST_FILE = Sources/Info.plist;
				INSTALL_PATH = "$(LOCAL_LIBRARY_DIR)/Frameworks";
				IPHONEOS_DEPLOYMENT_TARGET = 8.0;
				LD_RUNPATH_SEARCH_PATHS = "$(inherited) @executable_path/Frameworks @loader_path/Frameworks";
				PRODUCT_NAME = ValidationToolkit;
				SKIP_INSTALL = YES;
			};
			name = Release;
		};
		FAB52B471D54EB8F00110049 /* Debug */ = {
			isa = XCBuildConfiguration;
			buildSettings = {
				INFOPLIST_FILE = Tests/Info.plist;
				LD_RUNPATH_SEARCH_PATHS = "$(inherited) @executable_path/Frameworks @loader_path/Frameworks";
				PRODUCT_NAME = ValidationToolkitTests;
			};
			name = Debug;
		};
		FAB52B481D54EB8F00110049 /* Release */ = {
			isa = XCBuildConfiguration;
			buildSettings = {
				INFOPLIST_FILE = Tests/Info.plist;
				LD_RUNPATH_SEARCH_PATHS = "$(inherited) @executable_path/Frameworks @loader_path/Frameworks";
				PRODUCT_NAME = ValidationToolkitTests;
			};
			name = Release;
		};
/* End XCBuildConfiguration section */

/* Begin XCConfigurationList section */
		FAA87CBE1D5CB7F500792F43 /* Build configuration list for PBXNativeTarget "ValidationToolkit watchOS" */ = {
			isa = XCConfigurationList;
			buildConfigurations = (
				FAA87CBC1D5CB7F500792F43 /* Debug */,
				FAA87CBD1D5CB7F500792F43 /* Release */,
			);
			defaultConfigurationIsVisible = 0;
			defaultConfigurationName = Release;
		};
		FAA87CD51D5CB80900792F43 /* Build configuration list for PBXNativeTarget "ValidationToolkit tvOS" */ = {
			isa = XCConfigurationList;
			buildConfigurations = (
				FAA87CD61D5CB80900792F43 /* Debug */,
				FAA87CD71D5CB80900792F43 /* Release */,
			);
			defaultConfigurationIsVisible = 0;
			defaultConfigurationName = Release;
		};
		FAA87CD81D5CB80900792F43 /* Build configuration list for PBXNativeTarget "ValidationToolkit tvOS Tests" */ = {
			isa = XCConfigurationList;
			buildConfigurations = (
				FAA87CD91D5CB80900792F43 /* Debug */,
				FAA87CDA1D5CB80900792F43 /* Release */,
			);
			defaultConfigurationIsVisible = 0;
			defaultConfigurationName = Release;
		};
		FAA87CF11D5CB82000792F43 /* Build configuration list for PBXNativeTarget "ValidationToolkit macOS" */ = {
			isa = XCConfigurationList;
			buildConfigurations = (
				FAA87CF21D5CB82000792F43 /* Debug */,
				FAA87CF31D5CB82000792F43 /* Release */,
			);
			defaultConfigurationIsVisible = 0;
			defaultConfigurationName = Release;
		};
		FAA87CF41D5CB82000792F43 /* Build configuration list for PBXNativeTarget "ValidationToolkit macOS Tests" */ = {
			isa = XCConfigurationList;
			buildConfigurations = (
				FAA87CF51D5CB82000792F43 /* Debug */,
				FAA87CF61D5CB82000792F43 /* Release */,
			);
			defaultConfigurationIsVisible = 0;
			defaultConfigurationName = Release;
		};
		FAB52B291D54EB8F00110049 /* Build configuration list for PBXProject "ValidationToolkit" */ = {
			isa = XCConfigurationList;
			buildConfigurations = (
				FAB52B411D54EB8F00110049 /* Debug */,
				FAB52B421D54EB8F00110049 /* Release */,
			);
			defaultConfigurationIsVisible = 0;
			defaultConfigurationName = Release;
		};
		FAB52B431D54EB8F00110049 /* Build configuration list for PBXNativeTarget "ValidationToolkit iOS" */ = {
			isa = XCConfigurationList;
			buildConfigurations = (
				FAB52B441D54EB8F00110049 /* Debug */,
				FAB52B451D54EB8F00110049 /* Release */,
			);
			defaultConfigurationIsVisible = 0;
			defaultConfigurationName = Release;
		};
		FAB52B461D54EB8F00110049 /* Build configuration list for PBXNativeTarget "ValidationToolkit iOS Tests" */ = {
			isa = XCConfigurationList;
			buildConfigurations = (
				FAB52B471D54EB8F00110049 /* Debug */,
				FAB52B481D54EB8F00110049 /* Release */,
			);
			defaultConfigurationIsVisible = 0;
			defaultConfigurationName = Release;
		};
/* End XCConfigurationList section */
	};
	rootObject = FAB52B261D54EB8F00110049 /* Project object */;
}
